
Microsoft Visual Studio Solution File, Format Version 12.00
# Visual Studio Version 16
VisualStudioVersion = 16.0.30002.166
MinimumVisualStudioVersion = 10.0.40219.1
Project("{FAE04EC0-301F-11D3-BF4B-00C04F79EFBC}") = "Laba", "Laba.csproj", "{90865AB8-DD60-4C30-8A25-54B0DFB41725}"
EndProject
Global
	GlobalSection(SolutionConfigurationPlatforms) = preSolution
		Debug|Any CPU = Debug|Any CPU
		Release|Any CPU = Release|Any CPU
	EndGlobalSection
	GlobalSection(ProjectConfigurationPlatforms) = postSolution
		{90865AB8-DD60-4C30-8A25-54B0DFB41725}.Debug|Any CPU.ActiveCfg = Debug|Any CPU
		{90865AB8-DD60-4C30-8A25-54B0DFB41725}.Debug|Any CPU.Build.0 = Debug|Any CPU
		{90865AB8-DD60-4C30-8A25-54B0DFB41725}.Release|Any CPU.ActiveCfg = Release|Any CPU
		{90865AB8-DD60-4C30-8A25-54B0DFB41725}.Release|Any CPU.Build.0 = Release|Any CPU
	EndGlobalSection
	GlobalSection(SolutionProperties) = preSolution
		HideSolutionNode = FALSE
	EndGlobalSection
	GlobalSection(ExtensibilityGlobals) = postSolution
		SolutionGuid = {5EF74B74-2F77-4571-8703-0A90CFE8E36C}
	EndGlobalSection
EndGlobal
